// !$*UTF8*$!
{
	archiveVersion = 1;
	classes = {
	};
	objectVersion = 50;
	objects = {

/* Begin PBXBuildFile section */
		69260642242DC7D100B7A5D7 /* Starship+CoreDataClass.swift in Sources */ = {isa = PBXBuildFile; fileRef = 69260636242DC7D100B7A5D7 /* Starship+CoreDataClass.swift */; };
		69260643242DC7D100B7A5D7 /* Starship+CoreDataProperties.swift in Sources */ = {isa = PBXBuildFile; fileRef = 69260637242DC7D100B7A5D7 /* Starship+CoreDataProperties.swift */; };
		69260644242DC7D100B7A5D7 /* Planet+CoreDataClass.swift in Sources */ = {isa = PBXBuildFile; fileRef = 69260638242DC7D100B7A5D7 /* Planet+CoreDataClass.swift */; };
		69260645242DC7D100B7A5D7 /* Planet+CoreDataProperties.swift in Sources */ = {isa = PBXBuildFile; fileRef = 69260639242DC7D100B7A5D7 /* Planet+CoreDataProperties.swift */; };
		69260646242DC7D100B7A5D7 /* Vehicle+CoreDataClass.swift in Sources */ = {isa = PBXBuildFile; fileRef = 6926063A242DC7D100B7A5D7 /* Vehicle+CoreDataClass.swift */; };
		69260647242DC7D100B7A5D7 /* Vehicle+CoreDataProperties.swift in Sources */ = {isa = PBXBuildFile; fileRef = 6926063B242DC7D100B7A5D7 /* Vehicle+CoreDataProperties.swift */; };
		69260648242DC7D100B7A5D7 /* AbstractVehicle+CoreDataClass.swift in Sources */ = {isa = PBXBuildFile; fileRef = 6926063C242DC7D100B7A5D7 /* AbstractVehicle+CoreDataClass.swift */; };
		69260649242DC7D100B7A5D7 /* AbstractVehicle+CoreDataProperties.swift in Sources */ = {isa = PBXBuildFile; fileRef = 6926063D242DC7D100B7A5D7 /* AbstractVehicle+CoreDataProperties.swift */; };
		6926064A242DC7D100B7A5D7 /* People+CoreDataClass.swift in Sources */ = {isa = PBXBuildFile; fileRef = 6926063E242DC7D100B7A5D7 /* People+CoreDataClass.swift */; };
		6926064B242DC7D100B7A5D7 /* People+CoreDataProperties.swift in Sources */ = {isa = PBXBuildFile; fileRef = 6926063F242DC7D100B7A5D7 /* People+CoreDataProperties.swift */; };
		6926064C242DC7D100B7A5D7 /* Specie+CoreDataClass.swift in Sources */ = {isa = PBXBuildFile; fileRef = 69260640242DC7D100B7A5D7 /* Specie+CoreDataClass.swift */; };
		6926064D242DC7D100B7A5D7 /* Specie+CoreDataProperties.swift in Sources */ = {isa = PBXBuildFile; fileRef = 69260641242DC7D100B7A5D7 /* Specie+CoreDataProperties.swift */; };
		6941811A242CC2B0005C30F8 /* AppDelegate.swift in Sources */ = {isa = PBXBuildFile; fileRef = 69418119242CC2B0005C30F8 /* AppDelegate.swift */; };
		6941811C242CC2B0005C30F8 /* SceneDelegate.swift in Sources */ = {isa = PBXBuildFile; fileRef = 6941811B242CC2B0005C30F8 /* SceneDelegate.swift */; };
		6941811E242CC2B0005C30F8 /* ViewController.swift in Sources */ = {isa = PBXBuildFile; fileRef = 6941811D242CC2B0005C30F8 /* ViewController.swift */; };
		69418121242CC2B0005C30F8 /* Main.storyboard in Resources */ = {isa = PBXBuildFile; fileRef = 6941811F242CC2B0005C30F8 /* Main.storyboard */; };
		69418124242CC2B0005C30F8 /* FrameworkCoreData.xcdatamodeld in Sources */ = {isa = PBXBuildFile; fileRef = 69418122242CC2B0005C30F8 /* FrameworkCoreData.xcdatamodeld */; };
		69418126242CC2B3005C30F8 /* Assets.xcassets in Resources */ = {isa = PBXBuildFile; fileRef = 69418125242CC2B3005C30F8 /* Assets.xcassets */; };
		69418129242CC2B3005C30F8 /* LaunchScreen.storyboard in Resources */ = {isa = PBXBuildFile; fileRef = 69418127242CC2B3005C30F8 /* LaunchScreen.storyboard */; };
/* End PBXBuildFile section */

/* Begin PBXFileReference section */
		69260636242DC7D100B7A5D7 /* Starship+CoreDataClass.swift */ = {isa = PBXFileReference; lastKnownFileType = sourcecode.swift; path = "Starship+CoreDataClass.swift"; sourceTree = "<group>"; };
		69260637242DC7D100B7A5D7 /* Starship+CoreDataProperties.swift */ = {isa = PBXFileReference; lastKnownFileType = sourcecode.swift; path = "Starship+CoreDataProperties.swift"; sourceTree = "<group>"; };
		69260638242DC7D100B7A5D7 /* Planet+CoreDataClass.swift */ = {isa = PBXFileReference; lastKnownFileType = sourcecode.swift; path = "Planet+CoreDataClass.swift"; sourceTree = "<group>"; };
		69260639242DC7D100B7A5D7 /* Planet+CoreDataProperties.swift */ = {isa = PBXFileReference; lastKnownFileType = sourcecode.swift; path = "Planet+CoreDataProperties.swift"; sourceTree = "<group>"; };
		6926063A242DC7D100B7A5D7 /* Vehicle+CoreDataClass.swift */ = {isa = PBXFileReference; lastKnownFileType = sourcecode.swift; path = "Vehicle+CoreDataClass.swift"; sourceTree = "<group>"; };
		6926063B242DC7D100B7A5D7 /* Vehicle+CoreDataProperties.swift */ = {isa = PBXFileReference; lastKnownFileType = sourcecode.swift; path = "Vehicle+CoreDataProperties.swift"; sourceTree = "<group>"; };
		6926063C242DC7D100B7A5D7 /* AbstractVehicle+CoreDataClass.swift */ = {isa = PBXFileReference; lastKnownFileType = sourcecode.swift; path = "AbstractVehicle+CoreDataClass.swift"; sourceTree = "<group>"; };
		6926063D242DC7D100B7A5D7 /* AbstractVehicle+CoreDataProperties.swift */ = {isa = PBXFileReference; lastKnownFileType = sourcecode.swift; path = "AbstractVehicle+CoreDataProperties.swift"; sourceTree = "<group>"; };
		6926063E242DC7D100B7A5D7 /* People+CoreDataClass.swift */ = {isa = PBXFileReference; lastKnownFileType = sourcecode.swift; path = "People+CoreDataClass.swift"; sourceTree = "<group>"; };
		6926063F242DC7D100B7A5D7 /* People+CoreDataProperties.swift */ = {isa = PBXFileReference; lastKnownFileType = sourcecode.swift; path = "People+CoreDataProperties.swift"; sourceTree = "<group>"; };
		69260640242DC7D100B7A5D7 /* Specie+CoreDataClass.swift */ = {isa = PBXFileReference; lastKnownFileType = sourcecode.swift; path = "Specie+CoreDataClass.swift"; sourceTree = "<group>"; };
		69260641242DC7D100B7A5D7 /* Specie+CoreDataProperties.swift */ = {isa = PBXFileReference; lastKnownFileType = sourcecode.swift; path = "Specie+CoreDataProperties.swift"; sourceTree = "<group>"; };
		69418116242CC2B0005C30F8 /* FrameworkCoreData.app */ = {isa = PBXFileReference; explicitFileType = wrapper.application; includeInIndex = 0; path = FrameworkCoreData.app; sourceTree = BUILT_PRODUCTS_DIR; };
		69418119242CC2B0005C30F8 /* AppDelegate.swift */ = {isa = PBXFileReference; lastKnownFileType = sourcecode.swift; path = AppDelegate.swift; sourceTree = "<group>"; };
		6941811B242CC2B0005C30F8 /* SceneDelegate.swift */ = {isa = PBXFileReference; lastKnownFileType = sourcecode.swift; path = SceneDelegate.swift; sourceTree = "<group>"; };
		6941811D242CC2B0005C30F8 /* ViewController.swift */ = {isa = PBXFileReference; lastKnownFileType = sourcecode.swift; path = ViewController.swift; sourceTree = "<group>"; };
		69418120242CC2B0005C30F8 /* Base */ = {isa = PBXFileReference; lastKnownFileType = file.storyboard; name = Base; path = Base.lproj/Main.storyboard; sourceTree = "<group>"; };
		69418123242CC2B0005C30F8 /* FrameworkCoreData.xcdatamodel */ = {isa = PBXFileReference; lastKnownFileType = wrapper.xcdatamodel; path = FrameworkCoreData.xcdatamodel; sourceTree = "<group>"; };
		69418125242CC2B3005C30F8 /* Assets.xcassets */ = {isa = PBXFileReference; lastKnownFileType = folder.assetcatalog; path = Assets.xcassets; sourceTree = "<group>"; };
		69418128242CC2B3005C30F8 /* Base */ = {isa = PBXFileReference; lastKnownFileType = file.storyboard; name = Base; path = Base.lproj/LaunchScreen.storyboard; sourceTree = "<group>"; };
		6941812A242CC2B3005C30F8 /* Info.plist */ = {isa = PBXFileReference; lastKnownFileType = text.plist.xml; path = Info.plist; sourceTree = "<group>"; };
/* End PBXFileReference section */

/* Begin PBXFrameworksBuildPhase section */
		69418113242CC2B0005C30F8 /* Frameworks */ = {
			isa = PBXFrameworksBuildPhase;
			buildActionMask = 2147483647;
			files = (
			);
			runOnlyForDeploymentPostprocessing = 0;
		};
/* End PBXFrameworksBuildPhase section */

/* Begin PBXGroup section */
		6926064E242DC7F900B7A5D7 /* CoreData */ = {
			isa = PBXGroup;
			children = (
				69418122242CC2B0005C30F8 /* FrameworkCoreData.xcdatamodeld */,
				6926064F242DC8C600B7A5D7 /* Models */,
			);
			path = CoreData;
			sourceTree = "<group>";
		};
		6926064F242DC8C600B7A5D7 /* Models */ = {
			isa = PBXGroup;
			children = (
				6926063C242DC7D100B7A5D7 /* AbstractVehicle+CoreDataClass.swift */,
				6926063D242DC7D100B7A5D7 /* AbstractVehicle+CoreDataProperties.swift */,
				6926063E242DC7D100B7A5D7 /* People+CoreDataClass.swift */,
				6926063F242DC7D100B7A5D7 /* People+CoreDataProperties.swift */,
				69260638242DC7D100B7A5D7 /* Planet+CoreDataClass.swift */,
				69260639242DC7D100B7A5D7 /* Planet+CoreDataProperties.swift */,
				69260640242DC7D100B7A5D7 /* Specie+CoreDataClass.swift */,
				69260641242DC7D100B7A5D7 /* Specie+CoreDataProperties.swift */,
				69260636242DC7D100B7A5D7 /* Starship+CoreDataClass.swift */,
				69260637242DC7D100B7A5D7 /* Starship+CoreDataProperties.swift */,
				6926063A242DC7D100B7A5D7 /* Vehicle+CoreDataClass.swift */,
				6926063B242DC7D100B7A5D7 /* Vehicle+CoreDataProperties.swift */,
			);
			path = Models;
			sourceTree = "<group>";
		};
		69260650242DC8E500B7A5D7 /* Sources */ = {
			isa = PBXGroup;
			children = (
				69418125242CC2B3005C30F8 /* Assets.xcassets */,
			);
			path = Sources;
			sourceTree = "<group>";
		};
		69260651242DC94B00B7A5D7 /* Supporting Files */ = {
			isa = PBXGroup;
			children = (
				69418119242CC2B0005C30F8 /* AppDelegate.swift */,
				6941811B242CC2B0005C30F8 /* SceneDelegate.swift */,
				6941812A242CC2B3005C30F8 /* Info.plist */,
			);
			path = "Supporting Files";
			sourceTree = "<group>";
		};
		69260652242DCE1300B7A5D7 /* Views */ = {
			isa = PBXGroup;
			children = (
				6941811F242CC2B0005C30F8 /* Main.storyboard */,
				69418127242CC2B3005C30F8 /* LaunchScreen.storyboard */,
			);
			path = Views;
			sourceTree = "<group>";
		};
		6941810D242CC2AF005C30F8 = {
			isa = PBXGroup;
			children = (
				69418118242CC2B0005C30F8 /* FrameworkCoreData */,
				69418117242CC2B0005C30F8 /* Products */,
			);
			sourceTree = "<group>";
		};
		69418117242CC2B0005C30F8 /* Products */ = {
			isa = PBXGroup;
			children = (
				69418116242CC2B0005C30F8 /* FrameworkCoreData.app */,
			);
			name = Products;
			sourceTree = "<group>";
		};
		69418118242CC2B0005C30F8 /* FrameworkCoreData */ = {
			isa = PBXGroup;
			children = (
				69B55F4C2C10B8920077584C /* Controllers */,
				69260652242DCE1300B7A5D7 /* Views */,
				6926064E242DC7F900B7A5D7 /* CoreData */,
				69260650242DC8E500B7A5D7 /* Sources */,
				69260651242DC94B00B7A5D7 /* Supporting Files */,
			);
			path = FrameworkCoreData;
			sourceTree = "<group>";
		};
		69B55F4C2C10B8920077584C /* Controllers */ = {
			isa = PBXGroup;
			children = (
				6941811D242CC2B0005C30F8 /* ViewController.swift */,
			);
			path = Controllers;
			sourceTree = "<group>";
		};
/* End PBXGroup section */

/* Begin PBXNativeTarget section */
		69418115242CC2B0005C30F8 /* FrameworkCoreData */ = {
			isa = PBXNativeTarget;
			buildConfigurationList = 6941812D242CC2B3005C30F8 /* Build configuration list for PBXNativeTarget "FrameworkCoreData" */;
			buildPhases = (
				69418112242CC2B0005C30F8 /* Sources */,
				69418113242CC2B0005C30F8 /* Frameworks */,
				69418114242CC2B0005C30F8 /* Resources */,
			);
			buildRules = (
			);
			dependencies = (
			);
			name = FrameworkCoreData;
			productName = FrameworkCoreData;
			productReference = 69418116242CC2B0005C30F8 /* FrameworkCoreData.app */;
			productType = "com.apple.product-type.application";
		};
/* End PBXNativeTarget section */

/* Begin PBXProject section */
		6941810E242CC2AF005C30F8 /* Project object */ = {
			isa = PBXProject;
			attributes = {
				LastSwiftUpdateCheck = 1140;
				LastUpgradeCheck = 1140;
				ORGANIZATIONNAME = "Denis Abramov";
				TargetAttributes = {
					69418115242CC2B0005C30F8 = {
						CreatedOnToolsVersion = 11.4;
					};
				};
			};
			buildConfigurationList = 69418111242CC2AF005C30F8 /* Build configuration list for PBXProject "FrameworkCoreData" */;
			compatibilityVersion = "Xcode 9.3";
			developmentRegion = en;
			hasScannedForEncodings = 0;
			knownRegions = (
				en,
				Base,
			);
			mainGroup = 6941810D242CC2AF005C30F8;
			productRefGroup = 69418117242CC2B0005C30F8 /* Products */;
			projectDirPath = "";
			projectRoot = "";
			targets = (
				69418115242CC2B0005C30F8 /* FrameworkCoreData */,
			);
		};
/* End PBXProject section */

/* Begin PBXResourcesBuildPhase section */
		69418114242CC2B0005C30F8 /* Resources */ = {
			isa = PBXResourcesBuildPhase;
			buildActionMask = 2147483647;
			files = (
				69418129242CC2B3005C30F8 /* LaunchScreen.storyboard in Resources */,
				69418126242CC2B3005C30F8 /* Assets.xcassets in Resources */,
				69418121242CC2B0005C30F8 /* Main.storyboard in Resources */,
			);
			runOnlyForDeploymentPostprocessing = 0;
		};
/* End PBXResourcesBuildPhase section */

/* Begin PBXSourcesBuildPhase section */
		69418112242CC2B0005C30F8 /* Sources */ = {
			isa = PBXSourcesBuildPhase;
			buildActionMask = 2147483647;
			files = (
				69260646242DC7D100B7A5D7 /* Vehicle+CoreDataClass.swift in Sources */,
				6941811E242CC2B0005C30F8 /* ViewController.swift in Sources */,
				6926064A242DC7D100B7A5D7 /* People+CoreDataClass.swift in Sources */,
				69260647242DC7D100B7A5D7 /* Vehicle+CoreDataProperties.swift in Sources */,
				69260645242DC7D100B7A5D7 /* Planet+CoreDataProperties.swift in Sources */,
				6941811A242CC2B0005C30F8 /* AppDelegate.swift in Sources */,
				69260644242DC7D100B7A5D7 /* Planet+CoreDataClass.swift in Sources */,
				69260649242DC7D100B7A5D7 /* AbstractVehicle+CoreDataProperties.swift in Sources */,
				6926064B242DC7D100B7A5D7 /* People+CoreDataProperties.swift in Sources */,
				6941811C242CC2B0005C30F8 /* SceneDelegate.swift in Sources */,
				69260648242DC7D100B7A5D7 /* AbstractVehicle+CoreDataClass.swift in Sources */,
				6926064C242DC7D100B7A5D7 /* Specie+CoreDataClass.swift in Sources */,
				69260642242DC7D100B7A5D7 /* Starship+CoreDataClass.swift in Sources */,
				69418124242CC2B0005C30F8 /* FrameworkCoreData.xcdatamodeld in Sources */,
				6926064D242DC7D100B7A5D7 /* Specie+CoreDataProperties.swift in Sources */,
				69260643242DC7D100B7A5D7 /* Starship+CoreDataProperties.swift in Sources */,
			);
			runOnlyForDeploymentPostprocessing = 0;
		};
/* End PBXSourcesBuildPhase section */

/* Begin PBXVariantGroup section */
		6941811F242CC2B0005C30F8 /* Main.storyboard */ = {
			isa = PBXVariantGroup;
			children = (
				69418120242CC2B0005C30F8 /* Base */,
			);
			name = Main.storyboard;
			sourceTree = "<group>";
		};
		69418127242CC2B3005C30F8 /* LaunchScreen.storyboard */ = {
			isa = PBXVariantGroup;
			children = (
				69418128242CC2B3005C30F8 /* Base */,
			);
			name = LaunchScreen.storyboard;
			sourceTree = "<group>";
		};
/* End PBXVariantGroup section */

/* Begin XCBuildConfiguration section */
		6941812B242CC2B3005C30F8 /* Debug */ = {
			isa = XCBuildConfiguration;
			buildSettings = {
				ALWAYS_SEARCH_USER_PATHS = NO;
				CLANG_ANALYZER_NONNULL = YES;
				CLANG_ANALYZER_NUMBER_OBJECT_CONVERSION = YES_AGGRESSIVE;
				CLANG_CXX_LANGUAGE_STANDARD = "gnu++14";
				CLANG_CXX_LIBRARY = "libc++";
				CLANG_ENABLE_MODULES = YES;
				CLANG_ENABLE_OBJC_ARC = YES;
				CLANG_ENABLE_OBJC_WEAK = YES;
				CLANG_WARN_BLOCK_CAPTURE_AUTORELEASING = YES;
				CLANG_WARN_BOOL_CONVERSION = YES;
				CLANG_WARN_COMMA = YES;
				CLANG_WARN_CONSTANT_CONVERSION = YES;
				CLANG_WARN_DEPRECATED_OBJC_IMPLEMENTATIONS = YES;
				CLANG_WARN_DIRECT_OBJC_ISA_USAGE = YES_ERROR;
				CLANG_WARN_DOCUMENTATION_COMMENTS = YES;
				CLANG_WARN_EMPTY_BODY = YES;
				CLANG_WARN_ENUM_CONVERSION = YES;
				CLANG_WARN_INFINITE_RECURSION = YES;
				CLANG_WARN_INT_CONVERSION = YES;
				CLANG_WARN_NON_LITERAL_NULL_CONVERSION = YES;
				CLANG_WARN_OBJC_IMPLICIT_RETAIN_SELF = YES;
				CLANG_WARN_OBJC_LITERAL_CONVERSION = YES;
				CLANG_WARN_OBJC_ROOT_CLASS = YES_ERROR;
				CLANG_WARN_RANGE_LOOP_ANALYSIS = YES;
				CLANG_WARN_STRICT_PROTOTYPES = YES;
				CLANG_WARN_SUSPICIOUS_MOVE = YES;
				CLANG_WARN_UNGUARDED_AVAILABILITY = YES_AGGRESSIVE;
				CLANG_WARN_UNREACHABLE_CODE = YES;
				CLANG_WARN__DUPLICATE_METHOD_MATCH = YES;
				COPY_PHASE_STRIP = NO;
				DEBUG_INFORMATION_FORMAT = dwarf;
				ENABLE_STRICT_OBJC_MSGSEND = YES;
				ENABLE_TESTABILITY = YES;
				GCC_C_LANGUAGE_STANDARD = gnu11;
				GCC_DYNAMIC_NO_PIC = NO;
				GCC_NO_COMMON_BLOCKS = YES;
				GCC_OPTIMIZATION_LEVEL = 0;
				GCC_PREPROCESSOR_DEFINITIONS = (
					"DEBUG=1",
					"$(inherited)",
				);
				GCC_WARN_64_TO_32_BIT_CONVERSION = YES;
				GCC_WARN_ABOUT_RETURN_TYPE = YES_ERROR;
				GCC_WARN_UNDECLARED_SELECTOR = YES;
				GCC_WARN_UNINITIALIZED_AUTOS = YES_AGGRESSIVE;
				GCC_WARN_UNUSED_FUNCTION = YES;
				GCC_WARN_UNUSED_VARIABLE = YES;
				IPHONEOS_DEPLOYMENT_TARGET = 13.4;
				MTL_ENABLE_DEBUG_INFO = INCLUDE_SOURCE;
				MTL_FAST_MATH = YES;
				ONLY_ACTIVE_ARCH = YES;
				SDKROOT = iphoneos;
				SWIFT_ACTIVE_COMPILATION_CONDITIONS = DEBUG;
				SWIFT_OPTIMIZATION_LEVEL = "-Onone";
			};
			name = Debug;
		};
		6941812C242CC2B3005C30F8 /* Release */ = {
			isa = XCBuildConfiguration;
			buildSettings = {
				ALWAYS_SEARCH_USER_PATHS = NO;
				CLANG_ANALYZER_NONNULL = YES;
				CLANG_ANALYZER_NUMBER_OBJECT_CONVERSION = YES_AGGRESSIVE;
				CLANG_CXX_LANGUAGE_STANDARD = "gnu++14";
				CLANG_CXX_LIBRARY = "libc++";
				CLANG_ENABLE_MODULES = YES;
				CLANG_ENABLE_OBJC_ARC = YES;
				CLANG_ENABLE_OBJC_WEAK = YES;
				CLANG_WARN_BLOCK_CAPTURE_AUTORELEASING = YES;
				CLANG_WARN_BOOL_CONVERSION = YES;
				CLANG_WARN_COMMA = YES;
				CLANG_WARN_CONSTANT_CONVERSION = YES;
				CLANG_WARN_DEPRECATED_OBJC_IMPLEMENTATIONS = YES;
				CLANG_WARN_DIRECT_OBJC_ISA_USAGE = YES_ERROR;
				CLANG_WARN_DOCUMENTATION_COMMENTS = YES;
				CLANG_WARN_EMPTY_BODY = YES;
				CLANG_WARN_ENUM_CONVERSION = YES;
				CLANG_WARN_INFINITE_RECURSION = YES;
				CLANG_WARN_INT_CONVERSION = YES;
				CLANG_WARN_NON_LITERAL_NULL_CONVERSION = YES;
				CLANG_WARN_OBJC_IMPLICIT_RETAIN_SELF = YES;
				CLANG_WARN_OBJC_LITERAL_CONVERSION = YES;
				CLANG_WARN_OBJC_ROOT_CLASS = YES_ERROR;
				CLANG_WARN_RANGE_LOOP_ANALYSIS = YES;
				CLANG_WARN_STRICT_PROTOTYPES = YES;
				CLANG_WARN_SUSPICIOUS_MOVE = YES;
				CLANG_WARN_UNGUARDED_AVAILABILITY = YES_AGGRESSIVE;
				CLANG_WARN_UNREACHABLE_CODE = YES;
				CLANG_WARN__DUPLICATE_METHOD_MATCH = YES;
				COPY_PHASE_STRIP = NO;
				DEBUG_INFORMATION_FORMAT = "dwarf-with-dsym";
				ENABLE_NS_ASSERTIONS = NO;
				ENABLE_STRICT_OBJC_MSGSEND = YES;
				GCC_C_LANGUAGE_STANDARD = gnu11;
				GCC_NO_COMMON_BLOCKS = YES;
				GCC_WARN_64_TO_32_BIT_CONVERSION = YES;
				GCC_WARN_ABOUT_RETURN_TYPE = YES_ERROR;
				GCC_WARN_UNDECLARED_SELECTOR = YES;
				GCC_WARN_UNINITIALIZED_AUTOS = YES_AGGRESSIVE;
				GCC_WARN_UNUSED_FUNCTION = YES;
				GCC_WARN_UNUSED_VARIABLE = YES;
				IPHONEOS_DEPLOYMENT_TARGET = 13.4;
				MTL_ENABLE_DEBUG_INFO = NO;
				MTL_FAST_MATH = YES;
				SDKROOT = iphoneos;
				SWIFT_COMPILATION_MODE = wholemodule;
				SWIFT_OPTIMIZATION_LEVEL = "-O";
				VALIDATE_PRODUCT = YES;
			};
			name = Release;
		};
		6941812E242CC2B3005C30F8 /* Debug */ = {
			isa = XCBuildConfiguration;
			buildSettings = {
				ASSETCATALOG_COMPILER_APPICON_NAME = AppIcon;
				CODE_SIGN_STYLE = Automatic;
				DEVELOPMENT_TEAM = XJN9TW8RPS;
				INFOPLIST_FILE = "$(SRCROOT)/FrameworkCoreData/Supports/Info.plist";
				LD_RUNPATH_SEARCH_PATHS = (
					"$(inherited)",
					"@executable_path/Frameworks",
				);
				PRODUCT_BUNDLE_IDENTIFIER = "Denis-Abramov.FrameworkCoreData";
				PRODUCT_NAME = "$(TARGET_NAME)";
				SWIFT_VERSION = 5.0;
				TARGETED_DEVICE_FAMILY = "1,2";
			};
			name = Debug;
		};
		6941812F242CC2B3005C30F8 /* Release */ = {
			isa = XCBuildConfiguration;
			buildSettings = {
				ASSETCATALOG_COMPILER_APPICON_NAME = AppIcon;
				CODE_SIGN_STYLE = Automatic;
				DEVELOPMENT_TEAM = XJN9TW8RPS;
				INFOPLIST_FILE = "$(SRCROOT)/FrameworkCoreData/Supports/Info.plist";
				LD_RUNPATH_SEARCH_PATHS = (
					"$(inherited)",
					"@executable_path/Frameworks",
				);
				PRODUCT_BUNDLE_IDENTIFIER = "Denis-Abramov.FrameworkCoreData";
				PRODUCT_NAME = "$(TARGET_NAME)";
				SWIFT_VERSION = 5.0;
				TARGETED_DEVICE_FAMILY = "1,2";
			};
			name = Release;
		};
/* End XCBuildConfiguration section */

/* Begin XCConfigurationList section */
		69418111242CC2AF005C30F8 /* Build configuration list for PBXProject "FrameworkCoreData" */ = {
			isa = XCConfigurationList;
			buildConfigurations = (
				6941812B242CC2B3005C30F8 /* Debug */,
				6941812C242CC2B3005C30F8 /* Release */,
			);
			defaultConfigurationIsVisible = 0;
			defaultConfigurationName = Release;
		};
		6941812D242CC2B3005C30F8 /* Build configuration list for PBXNativeTarget "FrameworkCoreData" */ = {
			isa = XCConfigurationList;
			buildConfigurations = (
				6941812E242CC2B3005C30F8 /* Debug */,
				6941812F242CC2B3005C30F8 /* Release */,
			);
			defaultConfigurationIsVisible = 0;
			defaultConfigurationName = Release;
		};
/* End XCConfigurationList section */

/* Begin XCVersionGroup section */
		69418122242CC2B0005C30F8 /* FrameworkCoreData.xcdatamodeld */ = {
			isa = XCVersionGroup;
			children = (
				69418123242CC2B0005C30F8 /* FrameworkCoreData.xcdatamodel */,
			);
			currentVersion = 69418123242CC2B0005C30F8 /* FrameworkCoreData.xcdatamodel */;
			path = FrameworkCoreData.xcdatamodeld;
			sourceTree = "<group>";
			versionGroupType = wrapper.xcdatamodel;
		};
/* End XCVersionGroup section */
	};
	rootObject = 6941810E242CC2AF005C30F8 /* Project object */;
}
